// !$*UTF8*$!
{
	archiveVersion = 1;
	classes = {
	};
	objectVersion = 56;
	objects = {

/* Begin PBXBuildFile section */
		F50F161E2B1B523E00C6B407 /* FacebookButton.swift in Sources */ = {isa = PBXBuildFile; fileRef = F50F161D2B1B523E00C6B407 /* FacebookButton.swift */; };
		F50F16202B1B52E100C6B407 /* Padding.swift in Sources */ = {isa = PBXBuildFile; fileRef = F50F161F2B1B52E100C6B407 /* Padding.swift */; };
		F50F16282B1B571900C6B407 /* ResourceKey.swift in Sources */ = {isa = PBXBuildFile; fileRef = F50F16272B1B571900C6B407 /* ResourceKey.swift */; };
		F50F162F2B1B5EB000C6B407 /* Localizable.strings in Resources */ = {isa = PBXBuildFile; fileRef = F50F16312B1B5EB000C6B407 /* Localizable.strings */; };
		F50F16332B1B5F8D00C6B407 /* GoogleButton.swift in Sources */ = {isa = PBXBuildFile; fileRef = F50F16322B1B5F8D00C6B407 /* GoogleButton.swift */; };
		F50F16352B1B643100C6B407 /* AppleButton.swift in Sources */ = {isa = PBXBuildFile; fileRef = F50F16342B1B643100C6B407 /* AppleButton.swift */; };
		F50F16372B1B67EE00C6B407 /* EmailButton.swift in Sources */ = {isa = PBXBuildFile; fileRef = F50F16362B1B67EE00C6B407 /* EmailButton.swift */; };
		F50F16392B1B6E9A00C6B407 /* Size.swift in Sources */ = {isa = PBXBuildFile; fileRef = F50F16382B1B6E9A00C6B407 /* Size.swift */; };
		F56DD0072B19083A00D5C96E /* Preview Assets.xcassets in Resources */ = {isa = PBXBuildFile; fileRef = F56DD0062B19083A00D5C96E /* Preview Assets.xcassets */; };
		F56DD0162B1909FA00D5C96E /* PreLoginView.swift in Sources */ = {isa = PBXBuildFile; fileRef = F56DD0152B1909FA00D5C96E /* PreLoginView.swift */; };
		F56DD01A2B190A5600D5C96E /* Colors.xcassets in Resources */ = {isa = PBXBuildFile; fileRef = F56DD0192B190A5600D5C96E /* Colors.xcassets */; };
		F56DD01C2B190AA900D5C96E /* Images.xcassets in Resources */ = {isa = PBXBuildFile; fileRef = F56DD01B2B190AA900D5C96E /* Images.xcassets */; };
		F56DD0222B190D8800D5C96E /* Image.swift in Sources */ = {isa = PBXBuildFile; fileRef = F56DD0212B190D8800D5C96E /* Image.swift */; };
		F56DD0272B19134600D5C96E /* Icons.swift in Sources */ = {isa = PBXBuildFile; fileRef = F56DD0262B19134600D5C96E /* Icons.swift */; };
		F58ED08D2B1B9149003321B6 /* OnboardingView.swift in Sources */ = {isa = PBXBuildFile; fileRef = F58ED08C2B1B9149003321B6 /* OnboardingView.swift */; };
		F58ED08F2B1B93B0003321B6 /* CustomButton.swift in Sources */ = {isa = PBXBuildFile; fileRef = F58ED08E2B1B93B0003321B6 /* CustomButton.swift */; };
		F58ED0952B1BB89F003321B6 /* LoginView.swift in Sources */ = {isa = PBXBuildFile; fileRef = F58ED0942B1BB89F003321B6 /* LoginView.swift */; };
		F58ED0992B1BBE2A003321B6 /* TextFieldModifier.swift in Sources */ = {isa = PBXBuildFile; fileRef = F58ED0982B1BBE2A003321B6 /* TextFieldModifier.swift */; };
		F5962A6B2B1CCE0300785151 /* Assets.xcassets in Resources */ = {isa = PBXBuildFile; fileRef = F5962A6A2B1CCE0300785151 /* Assets.xcassets */; };
		F5B421402B1CD297006D710C /* SnackOverFlow.swift in Sources */ = {isa = PBXBuildFile; fileRef = F5B4213F2B1CD297006D710C /* SnackOverFlow.swift */; };
		F5CBBAFC2B1C8F1500EFDEE8 /* OnboardingViewModel.swift in Sources */ = {isa = PBXBuildFile; fileRef = F5CBBAFB2B1C8F1500EFDEE8 /* OnboardingViewModel.swift */; };
		F5CBBAFF2B1C938700EFDEE8 /* Memento.swift in Sources */ = {isa = PBXBuildFile; fileRef = F5CBBAFE2B1C938700EFDEE8 /* Memento.swift */; };
		F5CBBB022B1CB5A200EFDEE8 /* NetworkManager.swift in Sources */ = {isa = PBXBuildFile; fileRef = F5CBBB012B1CB5A200EFDEE8 /* NetworkManager.swift */; };
		F5CBBB052B1CBD4800EFDEE8 /* UserResponse.swift in Sources */ = {isa = PBXBuildFile; fileRef = F5CBBB042B1CBD4800EFDEE8 /* UserResponse.swift */; };
		F5CBBB082B1CBE0100EFDEE8 /* Alamofire in Frameworks */ = {isa = PBXBuildFile; productRef = F5CBBB072B1CBE0100EFDEE8 /* Alamofire */; };
/* End PBXBuildFile section */

/* Begin PBXFileReference section */
		F50F161D2B1B523E00C6B407 /* FacebookButton.swift */ = {isa = PBXFileReference; lastKnownFileType = sourcecode.swift; path = FacebookButton.swift; sourceTree = "<group>"; };
		F50F161F2B1B52E100C6B407 /* Padding.swift */ = {isa = PBXFileReference; lastKnownFileType = sourcecode.swift; path = Padding.swift; sourceTree = "<group>"; };
		F50F16272B1B571900C6B407 /* ResourceKey.swift */ = {isa = PBXFileReference; lastKnownFileType = sourcecode.swift; path = ResourceKey.swift; sourceTree = "<group>"; };
		F50F16302B1B5EB000C6B407 /* en */ = {isa = PBXFileReference; lastKnownFileType = text.plist.strings; name = en; path = en.lproj/Localizable.strings; sourceTree = "<group>"; };
		F50F16322B1B5F8D00C6B407 /* GoogleButton.swift */ = {isa = PBXFileReference; lastKnownFileType = sourcecode.swift; path = GoogleButton.swift; sourceTree = "<group>"; };
		F50F16342B1B643100C6B407 /* AppleButton.swift */ = {isa = PBXFileReference; lastKnownFileType = sourcecode.swift; path = AppleButton.swift; sourceTree = "<group>"; };
		F50F16362B1B67EE00C6B407 /* EmailButton.swift */ = {isa = PBXFileReference; lastKnownFileType = sourcecode.swift; path = EmailButton.swift; sourceTree = "<group>"; };
		F50F16382B1B6E9A00C6B407 /* Size.swift */ = {isa = PBXFileReference; lastKnownFileType = sourcecode.swift; path = Size.swift; sourceTree = "<group>"; };
		F56DCFFC2B19083800D5C96E /* snackoverflow.app */ = {isa = PBXFileReference; explicitFileType = wrapper.application; includeInIndex = 0; path = snackoverflow.app; sourceTree = BUILT_PRODUCTS_DIR; };
		F56DD0062B19083A00D5C96E /* Preview Assets.xcassets */ = {isa = PBXFileReference; lastKnownFileType = folder.assetcatalog; path = "Preview Assets.xcassets"; sourceTree = "<group>"; };
		F56DD0152B1909FA00D5C96E /* PreLoginView.swift */ = {isa = PBXFileReference; lastKnownFileType = sourcecode.swift; path = PreLoginView.swift; sourceTree = "<group>"; };
		F56DD0192B190A5600D5C96E /* Colors.xcassets */ = {isa = PBXFileReference; lastKnownFileType = folder.assetcatalog; path = Colors.xcassets; sourceTree = "<group>"; };
		F56DD01B2B190AA900D5C96E /* Images.xcassets */ = {isa = PBXFileReference; lastKnownFileType = folder.assetcatalog; path = Images.xcassets; sourceTree = "<group>"; };
		F56DD0212B190D8800D5C96E /* Image.swift */ = {isa = PBXFileReference; lastKnownFileType = sourcecode.swift; path = Image.swift; sourceTree = "<group>"; };
		F56DD0262B19134600D5C96E /* Icons.swift */ = {isa = PBXFileReference; lastKnownFileType = sourcecode.swift; path = Icons.swift; sourceTree = "<group>"; };
		F58ED08C2B1B9149003321B6 /* OnboardingView.swift */ = {isa = PBXFileReference; lastKnownFileType = sourcecode.swift; path = OnboardingView.swift; sourceTree = "<group>"; };
		F58ED08E2B1B93B0003321B6 /* CustomButton.swift */ = {isa = PBXFileReference; lastKnownFileType = sourcecode.swift; path = CustomButton.swift; sourceTree = "<group>"; };
		F58ED0942B1BB89F003321B6 /* LoginView.swift */ = {isa = PBXFileReference; lastKnownFileType = sourcecode.swift; path = LoginView.swift; sourceTree = "<group>"; };
		F58ED0982B1BBE2A003321B6 /* TextFieldModifier.swift */ = {isa = PBXFileReference; lastKnownFileType = sourcecode.swift; path = TextFieldModifier.swift; sourceTree = "<group>"; };
		F5962A6A2B1CCE0300785151 /* Assets.xcassets */ = {isa = PBXFileReference; lastKnownFileType = folder.assetcatalog; name = Assets.xcassets; path = ../../SwiftUITutorials/SwiftUITutorials/Assets.xcassets; sourceTree = "<group>"; };
		F5B4213F2B1CD297006D710C /* SnackOverFlow.swift */ = {isa = PBXFileReference; lastKnownFileType = sourcecode.swift; path = SnackOverFlow.swift; sourceTree = "<group>"; };
		F5CBBAFB2B1C8F1500EFDEE8 /* OnboardingViewModel.swift */ = {isa = PBXFileReference; lastKnownFileType = sourcecode.swift; path = OnboardingViewModel.swift; sourceTree = "<group>"; };
		F5CBBAFE2B1C938700EFDEE8 /* Memento.swift */ = {isa = PBXFileReference; lastKnownFileType = sourcecode.swift; path = Memento.swift; sourceTree = "<group>"; };
		F5CBBB012B1CB5A200EFDEE8 /* NetworkManager.swift */ = {isa = PBXFileReference; lastKnownFileType = sourcecode.swift; path = NetworkManager.swift; sourceTree = "<group>"; };
		F5CBBB042B1CBD4800EFDEE8 /* UserResponse.swift */ = {isa = PBXFileReference; lastKnownFileType = sourcecode.swift; path = UserResponse.swift; sourceTree = "<group>"; };
/* End PBXFileReference section */

/* Begin PBXFrameworksBuildPhase section */
		F56DCFF92B19083800D5C96E /* Frameworks */ = {
			isa = PBXFrameworksBuildPhase;
			buildActionMask = 2147483647;
			files = (
				F5CBBB082B1CBE0100EFDEE8 /* Alamofire in Frameworks */,
			);
			runOnlyForDeploymentPostprocessing = 0;
		};
/* End PBXFrameworksBuildPhase section */

/* Begin PBXGroup section */
		F50F161B2B1B522500C6B407 /* Component */ = {
			isa = PBXGroup;
			children = (
				F50F161C2B1B522E00C6B407 /* Button */,
			);
			path = Component;
			sourceTree = "<group>";
		};
		F50F161C2B1B522E00C6B407 /* Button */ = {
			isa = PBXGroup;
			children = (
				F50F161D2B1B523E00C6B407 /* FacebookButton.swift */,
				F50F16322B1B5F8D00C6B407 /* GoogleButton.swift */,
				F50F16342B1B643100C6B407 /* AppleButton.swift */,
				F50F16362B1B67EE00C6B407 /* EmailButton.swift */,
				F58ED08E2B1B93B0003321B6 /* CustomButton.swift */,
			);
			path = Button;
			sourceTree = "<group>";
		};
		F50F16212B1B558900C6B407 /* Locale */ = {
			isa = PBXGroup;
			children = (
				F50F16272B1B571900C6B407 /* ResourceKey.swift */,
				F50F16312B1B5EB000C6B407 /* Localizable.strings */,
			);
			path = Locale;
			sourceTree = "<group>";
		};
		F56DCFF32B19083800D5C96E = {
			isa = PBXGroup;
			children = (
				F56DCFFE2B19083800D5C96E /* SnackOverFlow */,
				F56DCFFD2B19083800D5C96E /* Products */,
			);
			sourceTree = "<group>";
		};
		F56DCFFD2B19083800D5C96E /* Products */ = {
			isa = PBXGroup;
			children = (
				F56DCFFC2B19083800D5C96E /* snackoverflow.app */,
			);
			name = Products;
			sourceTree = "<group>";
		};
		F56DCFFE2B19083800D5C96E /* SnackOverFlow */ = {
			isa = PBXGroup;
			children = (
				F5962A6A2B1CCE0300785151 /* Assets.xcassets */,
				F56DD0102B19097F00D5C96E /* Utils */,
				F56DD00F2B19097600D5C96E /* Resource */,
				F56DD00E2B19097100D5C96E /* View */,
				F56DD00D2B19096800D5C96E /* Product */,
				F56DD0052B19083A00D5C96E /* Preview Content */,
				F5B4213F2B1CD297006D710C /* SnackOverFlow.swift */,
			);
			path = SnackOverFlow;
			sourceTree = "<group>";
		};
		F56DD0052B19083A00D5C96E /* Preview Content */ = {
			isa = PBXGroup;
			children = (
				F56DD0062B19083A00D5C96E /* Preview Assets.xcassets */,
			);
			path = "Preview Content";
			sourceTree = "<group>";
		};
		F56DD00D2B19096800D5C96E /* Product */ = {
			isa = PBXGroup;
			children = (
				F5CBBB002B1CB57900EFDEE8 /* Service */,
				F50F161B2B1B522500C6B407 /* Component */,
			);
			path = Product;
			sourceTree = "<group>";
		};
		F56DD00E2B19097100D5C96E /* View */ = {
			isa = PBXGroup;
			children = (
				F5CBBB032B1CBD2C00EFDEE8 /* Model */,
				F56DD0112B19099500D5C96E /* Authentication */,
			);
			path = View;
			sourceTree = "<group>";
		};
		F56DD00F2B19097600D5C96E /* Resource */ = {
			isa = PBXGroup;
			children = (
				F56DD0192B190A5600D5C96E /* Colors.xcassets */,
				F56DD01B2B190AA900D5C96E /* Images.xcassets */,
			);
			path = Resource;
			sourceTree = "<group>";
		};
		F56DD0102B19097F00D5C96E /* Utils */ = {
			isa = PBXGroup;
			children = (
				F5CBBAFD2B1C937B00EFDEE8 /* Storage */,
				F58ED0972B1BBE11003321B6 /* Modifiers */,
				F50F16212B1B558900C6B407 /* Locale */,
				F56DD0252B19130A00D5C96E /* Extension */,
				F56DD01F2B190D4700D5C96E /* Enum */,
			);
			path = Utils;
			sourceTree = "<group>";
		};
		F56DD0112B19099500D5C96E /* Authentication */ = {
			isa = PBXGroup;
			children = (
				F56DD0142B1909BC00D5C96E /* PreLogin */,
				F56DD0132B1909B600D5C96E /* Login */,
				F56DD0122B1909AC00D5C96E /* Onboarding */,
			);
			path = Authentication;
			sourceTree = "<group>";
		};
		F56DD0122B1909AC00D5C96E /* Onboarding */ = {
			isa = PBXGroup;
			children = (
				F58ED08C2B1B9149003321B6 /* OnboardingView.swift */,
				F5CBBAFB2B1C8F1500EFDEE8 /* OnboardingViewModel.swift */,
			);
			path = Onboarding;
			sourceTree = "<group>";
		};
		F56DD0132B1909B600D5C96E /* Login */ = {
			isa = PBXGroup;
			children = (
				F58ED0942B1BB89F003321B6 /* LoginView.swift */,
			);
			path = Login;
			sourceTree = "<group>";
		};
		F56DD0142B1909BC00D5C96E /* PreLogin */ = {
			isa = PBXGroup;
			children = (
				F56DD0152B1909FA00D5C96E /* PreLoginView.swift */,
			);
			path = PreLogin;
			sourceTree = "<group>";
		};
		F56DD01F2B190D4700D5C96E /* Enum */ = {
			isa = PBXGroup;
			children = (
				F56DD0212B190D8800D5C96E /* Image.swift */,
				F56DD0262B19134600D5C96E /* Icons.swift */,
			);
			path = Enum;
			sourceTree = "<group>";
		};
		F56DD0252B19130A00D5C96E /* Extension */ = {
			isa = PBXGroup;
			children = (
				F50F161F2B1B52E100C6B407 /* Padding.swift */,
				F50F16382B1B6E9A00C6B407 /* Size.swift */,
			);
			path = Extension;
			sourceTree = "<group>";
		};
		F58ED0972B1BBE11003321B6 /* Modifiers */ = {
			isa = PBXGroup;
			children = (
				F58ED0982B1BBE2A003321B6 /* TextFieldModifier.swift */,
			);
			path = Modifiers;
			sourceTree = "<group>";
		};
		F5CBBAFD2B1C937B00EFDEE8 /* Storage */ = {
			isa = PBXGroup;
			children = (
				F5CBBAFE2B1C938700EFDEE8 /* Memento.swift */,
			);
			path = Storage;
			sourceTree = "<group>";
		};
		F5CBBB002B1CB57900EFDEE8 /* Service */ = {
			isa = PBXGroup;
			children = (
				F5CBBB012B1CB5A200EFDEE8 /* NetworkManager.swift */,
			);
			path = Service;
			sourceTree = "<group>";
		};
		F5CBBB032B1CBD2C00EFDEE8 /* Model */ = {
			isa = PBXGroup;
			children = (
				F5CBBB042B1CBD4800EFDEE8 /* UserResponse.swift */,
			);
			path = Model;
			sourceTree = "<group>";
		};
/* End PBXGroup section */

/* Begin PBXNativeTarget section */
		F56DCFFB2B19083800D5C96E /* snackoverflow */ = {
			isa = PBXNativeTarget;
			buildConfigurationList = F56DD00A2B19083A00D5C96E /* Build configuration list for PBXNativeTarget "snackoverflow" */;
			buildPhases = (
				F56DCFF82B19083800D5C96E /* Sources */,
				F56DCFF92B19083800D5C96E /* Frameworks */,
				F56DCFFA2B19083800D5C96E /* Resources */,
			);
			buildRules = (
			);
			dependencies = (
			);
			name = snackoverflow;
			packageProductDependencies = (
				F5CBBB072B1CBE0100EFDEE8 /* Alamofire */,
			);
			productName = snackoverflow;
			productReference = F56DCFFC2B19083800D5C96E /* snackoverflow.app */;
			productType = "com.apple.product-type.application";
		};
/* End PBXNativeTarget section */

/* Begin PBXProject section */
		F56DCFF42B19083800D5C96E /* Project object */ = {
			isa = PBXProject;
			attributes = {
				BuildIndependentTargetsInParallel = 1;
				LastSwiftUpdateCheck = 1500;
				LastUpgradeCheck = 1500;
				TargetAttributes = {
					F56DCFFB2B19083800D5C96E = {
						CreatedOnToolsVersion = 15.0.1;
					};
				};
			};
			buildConfigurationList = F56DCFF72B19083800D5C96E /* Build configuration list for PBXProject "snackoverflow" */;
			compatibilityVersion = "Xcode 14.0";
			developmentRegion = en;
			hasScannedForEncodings = 0;
			knownRegions = (
				en,
				Base,
			);
			mainGroup = F56DCFF32B19083800D5C96E;
			packageReferences = (
				F5CBBB062B1CBE0100EFDEE8 /* XCRemoteSwiftPackageReference "Alamofire" */,
			);
			productRefGroup = F56DCFFD2B19083800D5C96E /* Products */;
			projectDirPath = "";
			projectRoot = "";
			targets = (
				F56DCFFB2B19083800D5C96E /* snackoverflow */,
			);
		};
/* End PBXProject section */

/* Begin PBXResourcesBuildPhase section */
		F56DCFFA2B19083800D5C96E /* Resources */ = {
			isa = PBXResourcesBuildPhase;
			buildActionMask = 2147483647;
			files = (
				F56DD0072B19083A00D5C96E /* Preview Assets.xcassets in Resources */,
				F50F162F2B1B5EB000C6B407 /* Localizable.strings in Resources */,
				F56DD01C2B190AA900D5C96E /* Images.xcassets in Resources */,
				F56DD01A2B190A5600D5C96E /* Colors.xcassets in Resources */,
				F5962A6B2B1CCE0300785151 /* Assets.xcassets in Resources */,
			);
			runOnlyForDeploymentPostprocessing = 0;
		};
/* End PBXResourcesBuildPhase section */

/* Begin PBXSourcesBuildPhase section */
		F56DCFF82B19083800D5C96E /* Sources */ = {
			isa = PBXSourcesBuildPhase;
			buildActionMask = 2147483647;
			files = (
				F5CBBB022B1CB5A200EFDEE8 /* NetworkManager.swift in Sources */,
				F58ED0992B1BBE2A003321B6 /* TextFieldModifier.swift in Sources */,
				F5B421402B1CD297006D710C /* SnackOverFlow.swift in Sources */,
				F56DD0222B190D8800D5C96E /* Image.swift in Sources */,
				F56DD0272B19134600D5C96E /* Icons.swift in Sources */,
				F58ED0952B1BB89F003321B6 /* LoginView.swift in Sources */,
				F50F161E2B1B523E00C6B407 /* FacebookButton.swift in Sources */,
				F50F16372B1B67EE00C6B407 /* EmailButton.swift in Sources */,
				F50F16332B1B5F8D00C6B407 /* GoogleButton.swift in Sources */,
				F56DD0162B1909FA00D5C96E /* PreLoginView.swift in Sources */,
				F5CBBAFC2B1C8F1500EFDEE8 /* OnboardingViewModel.swift in Sources */,
				F50F16352B1B643100C6B407 /* AppleButton.swift in Sources */,
				F50F16282B1B571900C6B407 /* ResourceKey.swift in Sources */,
				F5CBBB052B1CBD4800EFDEE8 /* UserResponse.swift in Sources */,
				F50F16202B1B52E100C6B407 /* Padding.swift in Sources */,
				F50F16392B1B6E9A00C6B407 /* Size.swift in Sources */,
				F5CBBAFF2B1C938700EFDEE8 /* Memento.swift in Sources */,
				F58ED08D2B1B9149003321B6 /* OnboardingView.swift in Sources */,
				F58ED08F2B1B93B0003321B6 /* CustomButton.swift in Sources */,
			);
			runOnlyForDeploymentPostprocessing = 0;
		};
/* End PBXSourcesBuildPhase section */

/* Begin PBXVariantGroup section */
		F50F16312B1B5EB000C6B407 /* Localizable.strings */ = {
			isa = PBXVariantGroup;
			children = (
				F50F16302B1B5EB000C6B407 /* en */,
			);
			name = Localizable.strings;
			sourceTree = "<group>";
		};
/* End PBXVariantGroup section */

/* Begin XCBuildConfiguration section */
		F56DD0082B19083A00D5C96E /* Debug */ = {
			isa = XCBuildConfiguration;
			buildSettings = {
				ALWAYS_SEARCH_USER_PATHS = NO;
				ASSETCATALOG_COMPILER_GENERATE_SWIFT_ASSET_SYMBOL_EXTENSIONS = YES;
				CLANG_ANALYZER_NONNULL = YES;
				CLANG_ANALYZER_NUMBER_OBJECT_CONVERSION = YES_AGGRESSIVE;
				CLANG_CXX_LANGUAGE_STANDARD = "gnu++20";
				CLANG_ENABLE_MODULES = YES;
				CLANG_ENABLE_OBJC_ARC = YES;
				CLANG_ENABLE_OBJC_WEAK = YES;
				CLANG_WARN_BLOCK_CAPTURE_AUTORELEASING = YES;
				CLANG_WARN_BOOL_CONVERSION = YES;
				CLANG_WARN_COMMA = YES;
				CLANG_WARN_CONSTANT_CONVERSION = YES;
				CLANG_WARN_DEPRECATED_OBJC_IMPLEMENTATIONS = YES;
				CLANG_WARN_DIRECT_OBJC_ISA_USAGE = YES_ERROR;
				CLANG_WARN_DOCUMENTATION_COMMENTS = YES;
				CLANG_WARN_EMPTY_BODY = YES;
				CLANG_WARN_ENUM_CONVERSION = YES;
				CLANG_WARN_INFINITE_RECURSION = YES;
				CLANG_WARN_INT_CONVERSION = YES;
				CLANG_WARN_NON_LITERAL_NULL_CONVERSION = YES;
				CLANG_WARN_OBJC_IMPLICIT_RETAIN_SELF = YES;
				CLANG_WARN_OBJC_LITERAL_CONVERSION = YES;
				CLANG_WARN_OBJC_ROOT_CLASS = YES_ERROR;
				CLANG_WARN_QUOTED_INCLUDE_IN_FRAMEWORK_HEADER = YES;
				CLANG_WARN_RANGE_LOOP_ANALYSIS = YES;
				CLANG_WARN_STRICT_PROTOTYPES = YES;
				CLANG_WARN_SUSPICIOUS_MOVE = YES;
				CLANG_WARN_UNGUARDED_AVAILABILITY = YES_AGGRESSIVE;
				CLANG_WARN_UNREACHABLE_CODE = YES;
				CLANG_WARN__DUPLICATE_METHOD_MATCH = YES;
				COPY_PHASE_STRIP = NO;
				DEBUG_INFORMATION_FORMAT = dwarf;
				ENABLE_STRICT_OBJC_MSGSEND = YES;
				ENABLE_TESTABILITY = YES;
				ENABLE_USER_SCRIPT_SANDBOXING = YES;
				GCC_C_LANGUAGE_STANDARD = gnu17;
				GCC_DYNAMIC_NO_PIC = NO;
				GCC_NO_COMMON_BLOCKS = YES;
				GCC_OPTIMIZATION_LEVEL = 0;
				GCC_PREPROCESSOR_DEFINITIONS = (
					"DEBUG=1",
					"$(inherited)",
				);
				GCC_WARN_64_TO_32_BIT_CONVERSION = YES;
				GCC_WARN_ABOUT_RETURN_TYPE = YES_ERROR;
				GCC_WARN_UNDECLARED_SELECTOR = YES;
				GCC_WARN_UNINITIALIZED_AUTOS = YES_AGGRESSIVE;
				GCC_WARN_UNUSED_FUNCTION = YES;
				GCC_WARN_UNUSED_VARIABLE = YES;
				IPHONEOS_DEPLOYMENT_TARGET = 17.0;
				LOCALIZATION_PREFERS_STRING_CATALOGS = YES;
				MTL_ENABLE_DEBUG_INFO = INCLUDE_SOURCE;
				MTL_FAST_MATH = YES;
				ONLY_ACTIVE_ARCH = YES;
				SDKROOT = iphoneos;
				SWIFT_ACTIVE_COMPILATION_CONDITIONS = "DEBUG $(inherited)";
				SWIFT_OPTIMIZATION_LEVEL = "-Onone";
			};
			name = Debug;
		};
		F56DD0092B19083A00D5C96E /* Release */ = {
			isa = XCBuildConfiguration;
			buildSettings = {
				ALWAYS_SEARCH_USER_PATHS = NO;
				ASSETCATALOG_COMPILER_GENERATE_SWIFT_ASSET_SYMBOL_EXTENSIONS = YES;
				CLANG_ANALYZER_NONNULL = YES;
				CLANG_ANALYZER_NUMBER_OBJECT_CONVERSION = YES_AGGRESSIVE;
				CLANG_CXX_LANGUAGE_STANDARD = "gnu++20";
				CLANG_ENABLE_MODULES = YES;
				CLANG_ENABLE_OBJC_ARC = YES;
				CLANG_ENABLE_OBJC_WEAK = YES;
				CLANG_WARN_BLOCK_CAPTURE_AUTORELEASING = YES;
				CLANG_WARN_BOOL_CONVERSION = YES;
				CLANG_WARN_COMMA = YES;
				CLANG_WARN_CONSTANT_CONVERSION = YES;
				CLANG_WARN_DEPRECATED_OBJC_IMPLEMENTATIONS = YES;
				CLANG_WARN_DIRECT_OBJC_ISA_USAGE = YES_ERROR;
				CLANG_WARN_DOCUMENTATION_COMMENTS = YES;
				CLANG_WARN_EMPTY_BODY = YES;
				CLANG_WARN_ENUM_CONVERSION = YES;
				CLANG_WARN_INFINITE_RECURSION = YES;
				CLANG_WARN_INT_CONVERSION = YES;
				CLANG_WARN_NON_LITERAL_NULL_CONVERSION = YES;
				CLANG_WARN_OBJC_IMPLICIT_RETAIN_SELF = YES;
				CLANG_WARN_OBJC_LITERAL_CONVERSION = YES;
				CLANG_WARN_OBJC_ROOT_CLASS = YES_ERROR;
				CLANG_WARN_QUOTED_INCLUDE_IN_FRAMEWORK_HEADER = YES;
				CLANG_WARN_RANGE_LOOP_ANALYSIS = YES;
				CLANG_WARN_STRICT_PROTOTYPES = YES;
				CLANG_WARN_SUSPICIOUS_MOVE = YES;
				CLANG_WARN_UNGUARDED_AVAILABILITY = YES_AGGRESSIVE;
				CLANG_WARN_UNREACHABLE_CODE = YES;
				CLANG_WARN__DUPLICATE_METHOD_MATCH = YES;
				COPY_PHASE_STRIP = NO;
				DEBUG_INFORMATION_FORMAT = "dwarf-with-dsym";
				ENABLE_NS_ASSERTIONS = NO;
				ENABLE_STRICT_OBJC_MSGSEND = YES;
				ENABLE_USER_SCRIPT_SANDBOXING = YES;
				GCC_C_LANGUAGE_STANDARD = gnu17;
				GCC_NO_COMMON_BLOCKS = YES;
				GCC_WARN_64_TO_32_BIT_CONVERSION = YES;
				GCC_WARN_ABOUT_RETURN_TYPE = YES_ERROR;
				GCC_WARN_UNDECLARED_SELECTOR = YES;
				GCC_WARN_UNINITIALIZED_AUTOS = YES_AGGRESSIVE;
				GCC_WARN_UNUSED_FUNCTION = YES;
				GCC_WARN_UNUSED_VARIABLE = YES;
				IPHONEOS_DEPLOYMENT_TARGET = 17.0;
				LOCALIZATION_PREFERS_STRING_CATALOGS = YES;
				MTL_ENABLE_DEBUG_INFO = NO;
				MTL_FAST_MATH = YES;
				SDKROOT = iphoneos;
				SWIFT_COMPILATION_MODE = wholemodule;
				VALIDATE_PRODUCT = YES;
			};
			name = Release;
		};
		F56DD00B2B19083A00D5C96E /* Debug */ = {
			isa = XCBuildConfiguration;
			buildSettings = {
				ASSETCATALOG_COMPILER_APPICON_NAME = AppIcon;
				ASSETCATALOG_COMPILER_GLOBAL_ACCENT_COLOR_NAME = AccentColor;
				CODE_SIGN_STYLE = Automatic;
				CURRENT_PROJECT_VERSION = 1;
				DEVELOPMENT_ASSET_PATHS = "\"snackoverflow/Preview Content\"";
				DEVELOPMENT_TEAM = LCQF82W4UF;
				ENABLE_PREVIEWS = YES;
				GENERATE_INFOPLIST_FILE = YES;
				INFOPLIST_KEY_CFBundleDisplayName = SnackOverFlow;
				INFOPLIST_KEY_UIApplicationSceneManifest_Generation = YES;
				INFOPLIST_KEY_UIApplicationSupportsIndirectInputEvents = YES;
				INFOPLIST_KEY_UILaunchScreen_Generation = YES;
				INFOPLIST_KEY_UISupportedInterfaceOrientations_iPad = "UIInterfaceOrientationPortrait UIInterfaceOrientationPortraitUpsideDown UIInterfaceOrientationLandscapeLeft UIInterfaceOrientationLandscapeRight";
				INFOPLIST_KEY_UISupportedInterfaceOrientations_iPhone = "UIInterfaceOrientationPortrait UIInterfaceOrientationLandscapeLeft UIInterfaceOrientationLandscapeRight";
				LD_RUNPATH_SEARCH_PATHS = (
					"$(inherited)",
					"@executable_path/Frameworks",
				);
				MARKETING_VERSION = 1.0;
				PRODUCT_BUNDLE_IDENTIFIER = com.mami.snackoverflow;
				PRODUCT_NAME = "$(TARGET_NAME)";
				SWIFT_EMIT_LOC_STRINGS = YES;
				SWIFT_VERSION = 5.0;
				TARGETED_DEVICE_FAMILY = "1,2";
			};
			name = Debug;
		};
		F56DD00C2B19083A00D5C96E /* Release */ = {
			isa = XCBuildConfiguration;
			buildSettings = {
				ASSETCATALOG_COMPILER_APPICON_NAME = AppIcon;
				ASSETCATALOG_COMPILER_GLOBAL_ACCENT_COLOR_NAME = AccentColor;
				CODE_SIGN_STYLE = Automatic;
				CURRENT_PROJECT_VERSION = 1;
				DEVELOPMENT_ASSET_PATHS = "\"snackoverflow/Preview Content\"";
				DEVELOPMENT_TEAM = LCQF82W4UF;
				ENABLE_PREVIEWS = YES;
				GENERATE_INFOPLIST_FILE = YES;
				INFOPLIST_KEY_CFBundleDisplayName = SnackOverFlow;
				INFOPLIST_KEY_UIApplicationSceneManifest_Generation = YES;
				INFOPLIST_KEY_UIApplicationSupportsIndirectInputEvents = YES;
				INFOPLIST_KEY_UILaunchScreen_Generation = YES;
				INFOPLIST_KEY_UISupportedInterfaceOrientations_iPad = "UIInterfaceOrientationPortrait UIInterfaceOrientationPortraitUpsideDown UIInterfaceOrientationLandscapeLeft UIInterfaceOrientationLandscapeRight";
				INFOPLIST_KEY_UISupportedInterfaceOrientations_iPhone = "UIInterfaceOrientationPortrait UIInterfaceOrientationLandscapeLeft UIInterfaceOrientationLandscapeRight";
				LD_RUNPATH_SEARCH_PATHS = (
					"$(inherited)",
					"@executable_path/Frameworks",
				);
				MARKETING_VERSION = 1.0;
				PRODUCT_BUNDLE_IDENTIFIER = com.mami.snackoverflow;
				PRODUCT_NAME = "$(TARGET_NAME)";
				SWIFT_EMIT_LOC_STRINGS = YES;
				SWIFT_VERSION = 5.0;
				TARGETED_DEVICE_FAMILY = "1,2";
			};
			name = Release;
		};
/* End XCBuildConfiguration section */

/* Begin XCConfigurationList section */
		F56DCFF72B19083800D5C96E /* Build configuration list for PBXProject "snackoverflow" */ = {
			isa = XCConfigurationList;
			buildConfigurations = (
				F56DD0082B19083A00D5C96E /* Debug */,
				F56DD0092B19083A00D5C96E /* Release */,
			);
			defaultConfigurationIsVisible = 0;
			defaultConfigurationName = Release;
		};
		F56DD00A2B19083A00D5C96E /* Build configuration list for PBXNativeTarget "snackoverflow" */ = {
			isa = XCConfigurationList;
			buildConfigurations = (
				F56DD00B2B19083A00D5C96E /* Debug */,
				F56DD00C2B19083A00D5C96E /* Release */,
			);
			defaultConfigurationIsVisible = 0;
			defaultConfigurationName = Release;
		};
/* End XCConfigurationList section */

/* Begin XCRemoteSwiftPackageReference section */
		F5CBBB062B1CBE0100EFDEE8 /* XCRemoteSwiftPackageReference "Alamofire" */ = {
			isa = XCRemoteSwiftPackageReference;
			repositoryURL = "https://github.com/Alamofire/Alamofire";
			requirement = {
				kind = upToNextMajorVersion;
				minimumVersion = 5.8.1;
			};
		};
/* End XCRemoteSwiftPackageReference section */

/* Begin XCSwiftPackageProductDependency section */
		F5CBBB072B1CBE0100EFDEE8 /* Alamofire */ = {
			isa = XCSwiftPackageProductDependency;
			package = F5CBBB062B1CBE0100EFDEE8 /* XCRemoteSwiftPackageReference "Alamofire" */;
			productName = Alamofire;
		};
/* End XCSwiftPackageProductDependency section */
	};
	rootObject = F56DCFF42B19083800D5C96E /* Project object */;
}
